
Microsoft Visual Studio Solution File, Format Version 12.00
# Visual Studio 14
VisualStudioVersion = 14.0.25420.1
MinimumVisualStudioVersion = 10.0.40219.1
Project("{FAE04EC0-301F-11D3-BF4B-00C04F79EFBC}") = "SimpleAccounting.Model", "SimpleAccounting.Model\SimpleAccounting.Model.csproj", "{D9B20789-0A1D-4A0A-9E47-B80DDF01FA4F}"
EndProject
Project("{FAE04EC0-301F-11D3-BF4B-00C04F79EFBC}") = "SimpleAccounting.Data", "SimpleAccounting.Data\SimpleAccounting.Data.csproj", "{78574D67-EF47-40FE-8942-D715B1603357}"
EndProject
Project("{FAE04EC0-301F-11D3-BF4B-00C04F79EFBC}") = "SimpleAccounting.API", "SimpleAccounting.API\SimpleAccounting.API.csproj", "{58980BD4-6F41-4AC7-892E-A6DD247657CB}"
EndProject
Global
	GlobalSection(SolutionConfigurationPlatforms) = preSolution
		Debug|Any CPU = Debug|Any CPU
		Release|Any CPU = Release|Any CPU
	EndGlobalSection
	GlobalSection(ProjectConfigurationPlatforms) = postSolution
		{D9B20789-0A1D-4A0A-9E47-B80DDF01FA4F}.Debug|Any CPU.ActiveCfg = Debug|Any CPU
		{D9B20789-0A1D-4A0A-9E47-B80DDF01FA4F}.Debug|Any CPU.Build.0 = Debug|Any CPU
		{D9B20789-0A1D-4A0A-9E47-B80DDF01FA4F}.Release|Any CPU.ActiveCfg = Release|Any CPU
		{D9B20789-0A1D-4A0A-9E47-B80DDF01FA4F}.Release|Any CPU.Build.0 = Release|Any CPU
		{78574D67-EF47-40FE-8942-D715B1603357}.Debug|Any CPU.ActiveCfg = Debug|Any CPU
		{78574D67-EF47-40FE-8942-D715B1603357}.Debug|Any CPU.Build.0 = Debug|Any CPU
		{78574D67-EF47-40FE-8942-D715B1603357}.Release|Any CPU.ActiveCfg = Release|Any CPU
		{78574D67-EF47-40FE-8942-D715B1603357}.Release|Any CPU.Build.0 = Release|Any CPU
		{58980BD4-6F41-4AC7-892E-A6DD247657CB}.Debug|Any CPU.ActiveCfg = Debug|Any CPU
		{58980BD4-6F41-4AC7-892E-A6DD247657CB}.Debug|Any CPU.Build.0 = Debug|Any CPU
		{58980BD4-6F41-4AC7-892E-A6DD247657CB}.Release|Any CPU.ActiveCfg = Release|Any CPU
		{58980BD4-6F41-4AC7-892E-A6DD247657CB}.Release|Any CPU.Build.0 = Release|Any CPU
	EndGlobalSection
	GlobalSection(SolutionProperties) = preSolution
		HideSolutionNode = FALSE
	EndGlobalSection
EndGlobal
